
Microsoft Visual Studio Solution File, Format Version 12.00
# Visual Studio 14
VisualStudioVersion = 14.0.25420.1
MinimumVisualStudioVersion = 10.0.40219.1
Project("{E24C65DC-7377-472B-9ABA-BC803B73C61A}") = "LearnSite", "..\..\WebSites\LearnSite\", "{EB942176-BF4A-4C1D-9F89-1F65F6FA2BB7}"
	ProjectSection(WebsiteProperties) = preProject
		TargetFrameworkMoniker = ".NETFramework,Version%3Dv4.6"
		Debug.AspNetCompiler.VirtualPath = "/localhost_51102"
		Debug.AspNetCompiler.PhysicalPath = "..\..\WebSites\LearnSite\"
		Debug.AspNetCompiler.TargetPath = "PrecompiledWeb\localhost_51102\"
		Debug.AspNetCompiler.Updateable = "true"
		Debug.AspNetCompiler.ForceOverwrite = "true"
		Debug.AspNetCompiler.FixedNames = "false"
		Debug.AspNetCompiler.Debug = "True"
		Release.AspNetCompiler.VirtualPath = "/localhost_51102"
		Release.AspNetCompiler.PhysicalPath = "..\..\WebSites\LearnSite\"
		Release.AspNetCompiler.TargetPath = "PrecompiledWeb\localhost_51102\"
		Release.AspNetCompiler.Updateable = "true"
		Release.AspNetCompiler.ForceOverwrite = "true"
		Release.AspNetCompiler.FixedNames = "false"
		Release.AspNetCompiler.Debug = "False"
		VWDPort = "51102"
		SlnRelativePath = "..\..\WebSites\LearnSite\"
		DefaultWebSiteLanguage = "Visual C#"
	EndProjectSection
EndProject
Global
	GlobalSection(SolutionConfigurationPlatforms) = preSolution
		Debug|Any CPU = Debug|Any CPU
	EndGlobalSection
	GlobalSection(ProjectConfigurationPlatforms) = postSolution
		{EB942176-BF4A-4C1D-9F89-1F65F6FA2BB7}.Debug|Any CPU.ActiveCfg = Debug|Any CPU
		{EB942176-BF4A-4C1D-9F89-1F65F6FA2BB7}.Debug|Any CPU.Build.0 = Debug|Any CPU
	EndGlobalSection
	GlobalSection(SolutionProperties) = preSolution
		HideSolutionNode = FALSE
	EndGlobalSection
EndGlobal
